
Microsoft Visual Studio Solution File, Format Version 12.00
# Visual Studio Version 17
VisualStudioVersion = 17.11.35327.3
MinimumVisualStudioVersion = 10.0.40219.1
Project("{FAE04EC0-301F-11D3-BF4B-00C04F79EFBC}") = "data3", "öyylesine\data3.csproj", "{A63AA8C9-2D12-440D-8A59-8003F8B3159B}"
EndProject
Global
	GlobalSection(SolutionConfigurationPlatforms) = preSolution
		Debug|Any CPU = Debug|Any CPU
		Release|Any CPU = Release|Any CPU
	EndGlobalSection
	GlobalSection(ProjectConfigurationPlatforms) = postSolution
		{A63AA8C9-2D12-440D-8A59-8003F8B3159B}.Debug|Any CPU.ActiveCfg = Debug|Any CPU
		{A63AA8C9-2D12-440D-8A59-8003F8B3159B}.Debug|Any CPU.Build.0 = Debug|Any CPU
		{A63AA8C9-2D12-440D-8A59-8003F8B3159B}.Release|Any CPU.ActiveCfg = Release|Any CPU
		{A63AA8C9-2D12-440D-8A59-8003F8B3159B}.Release|Any CPU.Build.0 = Release|Any CPU
	EndGlobalSection
	GlobalSection(SolutionProperties) = preSolution
		HideSolutionNode = FALSE
	EndGlobalSection
	GlobalSection(ExtensibilityGlobals) = postSolution
		SolutionGuid = {9B84375B-3598-4491-9772-AFF7A407CDD4}
	EndGlobalSection
EndGlobal
